// !$*UTF8*$!
{
	archiveVersion = 1;
	classes = {
	};
	objectVersion = 46;
	objects = {

/* Begin PBXBuildFile section */
		EA2F8F151D9BC94C009F300C /* MD5Manager.m in Sources */ = {isa = PBXBuildFile; fileRef = EA2F8F141D9BC94C009F300C /* MD5Manager.m */; };
		EA2F8F171D9C12AD009F300C /* alarm_push_ring.caf in Resources */ = {isa = PBXBuildFile; fileRef = EA2F8F161D9C12AD009F300C /* alarm_push_ring.caf */; };
		EA3FDD281D9930DB005031F8 /* libRTSP.a in Frameworks */ = {isa = PBXBuildFile; fileRef = EA3FDD271D9930DB005031F8 /* libRTSP.a */; };
		EA3FDD2B1D993170005031F8 /* libAVCtrl_i386.a in Frameworks */ = {isa = PBXBuildFile; fileRef = EA3FDD2A1D993170005031F8 /* libAVCtrl_i386.a */; };
		EA3FDD2E1D9931F7005031F8 /* libsqlite3.0.tbd in Frameworks */ = {isa = PBXBuildFile; fileRef = EA3FDD2D1D9931F7005031F8 /* libsqlite3.0.tbd */; };
		EA3FDD301D9932D2005031F8 /* libbz2.1.0.tbd in Frameworks */ = {isa = PBXBuildFile; fileRef = EA3FDD2F1D9932D2005031F8 /* libbz2.1.0.tbd */; };
		EA3FDD321D99331F005031F8 /* libz.tbd in Frameworks */ = {isa = PBXBuildFile; fileRef = EA3FDD311D99331F005031F8 /* libz.tbd */; };
		EA3FDD341D993341005031F8 /* libiconv.tbd in Frameworks */ = {isa = PBXBuildFile; fileRef = EA3FDD331D993340005031F8 /* libiconv.tbd */; };
		EA3FDD3E1D99559A005031F8 /* libAVCtrl_arm64.a in Frameworks */ = {isa = PBXBuildFile; fileRef = EA3FDD3B1D99559A005031F8 /* libAVCtrl_arm64.a */; };
		EA3FDD3F1D99559A005031F8 /* libAVCtrl_armv7.a in Frameworks */ = {isa = PBXBuildFile; fileRef = EA3FDD3C1D99559A005031F8 /* libAVCtrl_armv7.a */; };
		EA3FDD401D99559A005031F8 /* libAVCtrl_armv7s.a in Frameworks */ = {isa = PBXBuildFile; fileRef = EA3FDD3D1D99559A005031F8 /* libAVCtrl_armv7s.a */; };
		EA3FDD451D996D20005031F8 /* NetManager.m in Sources */ = {isa = PBXBuildFile; fileRef = EA3FDD441D996D20005031F8 /* NetManager.m */; settings = {COMPILER_FLAGS = "-fno-objc-arc"; }; };
		EA3FDD481D996D53005031F8 /* AccountResult.m in Sources */ = {isa = PBXBuildFile; fileRef = EA3FDD471D996D53005031F8 /* AccountResult.m */; };
		EA3FDD4B1D996D78005031F8 /* ModifyLoginPasswordResult.m in Sources */ = {isa = PBXBuildFile; fileRef = EA3FDD4A1D996D78005031F8 /* ModifyLoginPasswordResult.m */; };
		EA3FDD4E1D996D8A005031F8 /* RegisterResult.m in Sources */ = {isa = PBXBuildFile; fileRef = EA3FDD4D1D996D8A005031F8 /* RegisterResult.m */; };
		EA3FDD511D996DA2005031F8 /* CheckNewMessageResult.m in Sources */ = {isa = PBXBuildFile; fileRef = EA3FDD501D996DA2005031F8 /* CheckNewMessageResult.m */; };
		EA3FDD541D996DB2005031F8 /* GetContactMessageResult.m in Sources */ = {isa = PBXBuildFile; fileRef = EA3FDD531D996DB2005031F8 /* GetContactMessageResult.m */; };
		EA3FDD571D996DD8005031F8 /* CheckAlarmMessageResult.m in Sources */ = {isa = PBXBuildFile; fileRef = EA3FDD561D996DD8005031F8 /* CheckAlarmMessageResult.m */; };
		EA3FDD5A1D996E13005031F8 /* GetAlarmRecordResult.m in Sources */ = {isa = PBXBuildFile; fileRef = EA3FDD591D996E13005031F8 /* GetAlarmRecordResult.m */; };
		EA3FDD5D1D996E4D005031F8 /* libPwdEncrypt.a in Frameworks */ = {isa = PBXBuildFile; fileRef = EA3FDD5C1D996E4D005031F8 /* libPwdEncrypt.a */; };
		EA4176041D95267C00EC876F /* GCDAsyncUdpSocket.m in Sources */ = {isa = PBXBuildFile; fileRef = EA4176031D95267C00EC876F /* GCDAsyncUdpSocket.m */; };
		EA4176081D9534DD00EC876F /* empty.mm in Sources */ = {isa = PBXBuildFile; fileRef = EA4176071D9534DD00EC876F /* empty.mm */; };
		EA41C98E1DA68B180049AB9E /* P2PMonitorController.m in Sources */ = {isa = PBXBuildFile; fileRef = EA41C98D1DA68B180049AB9E /* P2PMonitorController.m */; settings = {COMPILER_FLAGS = "-fno-objc-arc"; }; };
		EA41C9921DA68B790049AB9E /* TouchButton.m in Sources */ = {isa = PBXBuildFile; fileRef = EA41C9911DA68B790049AB9E /* TouchButton.m */; };
		EA41C9951DA68BA10049AB9E /* OpenGLView.m in Sources */ = {isa = PBXBuildFile; fileRef = EA41C9941DA68BA10049AB9E /* OpenGLView.m */; settings = {COMPILER_FLAGS = "-fno-objc-arc"; }; };
		EA41C9981DA68BC10049AB9E /* CustomBorderButton.m in Sources */ = {isa = PBXBuildFile; fileRef = EA41C9971DA68BC10049AB9E /* CustomBorderButton.m */; };
		EA41C99B1DA68BC90049AB9E /* CustomView.m in Sources */ = {isa = PBXBuildFile; fileRef = EA41C99A1DA68BC90049AB9E /* CustomView.m */; };
		EA41C99E1DA68BDE0049AB9E /* YProgressView.m in Sources */ = {isa = PBXBuildFile; fileRef = EA41C99D1DA68BDE0049AB9E /* YProgressView.m */; settings = {COMPILER_FLAGS = "-fno-objc-arc"; }; };
		EA41C9A01DA68C850049AB9E /* OpenGLES.framework in Frameworks */ = {isa = PBXBuildFile; fileRef = EA41C99F1DA68C850049AB9E /* OpenGLES.framework */; };
		EA41C9A21DA68C930049AB9E /* OpenAL.framework in Frameworks */ = {isa = PBXBuildFile; fileRef = EA41C9A11DA68C930049AB9E /* OpenAL.framework */; };
		EA41C9A61DA68E290049AB9E /* Toast+UIView.m in Sources */ = {isa = PBXBuildFile; fileRef = EA41C9A51DA68E290049AB9E /* Toast+UIView.m */; settings = {COMPILER_FLAGS = "-fno-objc-arc"; }; };
		EA41C9A91DA69A040049AB9E /* Reachability.m in Sources */ = {isa = PBXBuildFile; fileRef = EA41C9A81DA69A040049AB9E /* Reachability.m */; };
		EA4913E71D94741300BE7B9D /* main.m in Sources */ = {isa = PBXBuildFile; fileRef = EA4913E61D94741300BE7B9D /* main.m */; };
		EA4913EA1D94741300BE7B9D /* AppDelegate.m in Sources */ = {isa = PBXBuildFile; fileRef = EA4913E91D94741300BE7B9D /* AppDelegate.m */; };
		EA4913F01D94741300BE7B9D /* Main.storyboard in Resources */ = {isa = PBXBuildFile; fileRef = EA4913EE1D94741300BE7B9D /* Main.storyboard */; };
		EA4913F21D94741400BE7B9D /* Assets.xcassets in Resources */ = {isa = PBXBuildFile; fileRef = EA4913F11D94741400BE7B9D /* Assets.xcassets */; };
		EA4913F51D94741400BE7B9D /* LaunchScreen.storyboard in Resources */ = {isa = PBXBuildFile; fileRef = EA4913F31D94741400BE7B9D /* LaunchScreen.storyboard */; };
		EA4914001D94741400BE7B9D /* yooseemeTests.m in Sources */ = {isa = PBXBuildFile; fileRef = EA4913FF1D94741400BE7B9D /* yooseemeTests.m */; };
		EA49140B1D94741400BE7B9D /* yooseemeUITests.m in Sources */ = {isa = PBXBuildFile; fileRef = EA49140A1D94741400BE7B9D /* yooseemeUITests.m */; };
		EA49141D1D9474C200BE7B9D /* DeviceListViewController.m in Sources */ = {isa = PBXBuildFile; fileRef = EA49141C1D9474C200BE7B9D /* DeviceListViewController.m */; };
		EA4914201D94764600BE7B9D /* AddDeviceViewController.m in Sources */ = {isa = PBXBuildFile; fileRef = EA49141F1D94764600BE7B9D /* AddDeviceViewController.m */; };
		EA7E86301D951C00001C3CED /* libelian.a in Frameworks */ = {isa = PBXBuildFile; fileRef = EA7E86181D950CEE001C3CED /* libelian.a */; };
		EABC8CA81D95682100F1F13D /* PasswordViewController.m in Sources */ = {isa = PBXBuildFile; fileRef = EABC8CA71D95682100F1F13D /* PasswordViewController.m */; };
		EABC8CAD1D957C8500F1F13D /* Contact.m in Sources */ = {isa = PBXBuildFile; fileRef = EABC8CAC1D957C8500F1F13D /* Contact.m */; };
		EABC8CB21D957D3000F1F13D /* P2PClient.m in Sources */ = {isa = PBXBuildFile; fileRef = EABC8CB11D957D3000F1F13D /* P2PClient.m */; settings = {COMPILER_FLAGS = "-fno-objc-arc"; }; };
		EABC8CB61D957D9C00F1F13D /* Utils.m in Sources */ = {isa = PBXBuildFile; fileRef = EABC8CB51D957D9C00F1F13D /* Utils.m */; settings = {COMPILER_FLAGS = "-fno-objc-arc"; }; };
		EABC8CBA1D957DD600F1F13D /* PAIOUnit.m in Sources */ = {isa = PBXBuildFile; fileRef = EABC8CB91D957DD600F1F13D /* PAIOUnit.m */; };
		EABC8CBD1D957E3800F1F13D /* FListManager.m in Sources */ = {isa = PBXBuildFile; fileRef = EABC8CBC1D957E3800F1F13D /* FListManager.m */; settings = {COMPILER_FLAGS = "-fno-objc-arc"; }; };
		EABC8CC01D957E7B00F1F13D /* des2.c in Sources */ = {isa = PBXBuildFile; fileRef = EABC8CBE1D957E7B00F1F13D /* des2.c */; };
		EABC8CC41D9581A700F1F13D /* ShakeManager.m in Sources */ = {isa = PBXBuildFile; fileRef = EABC8CC31D9581A700F1F13D /* ShakeManager.m */; };
		EABC8CC71D95823000F1F13D /* ContactDAO.m in Sources */ = {isa = PBXBuildFile; fileRef = EABC8CC61D95823000F1F13D /* ContactDAO.m */; settings = {COMPILER_FLAGS = "-fno-objc-arc"; }; };
		EABC8CCA1D95828F00F1F13D /* UDManager.m in Sources */ = {isa = PBXBuildFile; fileRef = EABC8CC91D95828F00F1F13D /* UDManager.m */; settings = {COMPILER_FLAGS = "-fno-objc-arc"; }; };
		EABC8CCD1D9582B400F1F13D /* LocalDevice.m in Sources */ = {isa = PBXBuildFile; fileRef = EABC8CCC1D9582B400F1F13D /* LocalDevice.m */; };
		EABC8CD11D95835200F1F13D /* LoginResult.m in Sources */ = {isa = PBXBuildFile; fileRef = EABC8CD01D95835200F1F13D /* LoginResult.m */; };
		EABC8CDB1D95839A00F1F13D /* FMDatabase.m in Sources */ = {isa = PBXBuildFile; fileRef = EABC8CD41D95839A00F1F13D /* FMDatabase.m */; };
		EABC8CDC1D95839A00F1F13D /* FMDatabasePool.m in Sources */ = {isa = PBXBuildFile; fileRef = EABC8CD61D95839A00F1F13D /* FMDatabasePool.m */; };
		EABC8CDD1D95839A00F1F13D /* FMDatabaseQueue.m in Sources */ = {isa = PBXBuildFile; fileRef = EABC8CD81D95839A00F1F13D /* FMDatabaseQueue.m */; };
		EABC8CDE1D95839A00F1F13D /* FMResultSet.m in Sources */ = {isa = PBXBuildFile; fileRef = EABC8CDA1D95839A00F1F13D /* FMResultSet.m */; };
		EABC8CE31D958D0700F1F13D /* RtspInterface.mm in Sources */ = {isa = PBXBuildFile; fileRef = EABC8CE21D958D0700F1F13D /* RtspInterface.mm */; };
		EABC8CE61D958D3C00F1F13D /* Alarm.m in Sources */ = {isa = PBXBuildFile; fileRef = EABC8CE51D958D3C00F1F13D /* Alarm.m */; };
		EABC8CE91D958D5800F1F13D /* AlarmDAO.m in Sources */ = {isa = PBXBuildFile; fileRef = EABC8CE81D958D5800F1F13D /* AlarmDAO.m */; settings = {COMPILER_FLAGS = "-fno-objc-arc"; }; };
		EABC8CEC1D958D8C00F1F13D /* RecommendInfo.m in Sources */ = {isa = PBXBuildFile; fileRef = EABC8CEB1D958D8C00F1F13D /* RecommendInfo.m */; };
		EABC8CEF1D958DA800F1F13D /* RecommendInfoDAO.m in Sources */ = {isa = PBXBuildFile; fileRef = EABC8CEE1D958DA800F1F13D /* RecommendInfoDAO.m */; settings = {COMPILER_FLAGS = "-fno-objc-arc"; }; };
		EABC8CF41D958E7800F1F13D /* MPNotificationView.m in Sources */ = {isa = PBXBuildFile; fileRef = EABC8CF31D958E7800F1F13D /* MPNotificationView.m */; settings = {COMPILER_FLAGS = "-fno-objc-arc"; }; };
		EABC8CF81D958EB100F1F13D /* OBGradientView.m in Sources */ = {isa = PBXBuildFile; fileRef = EABC8CF71D958EB100F1F13D /* OBGradientView.m */; };
		EABC8CFB1D958F0800F1F13D /* CameraManager.m in Sources */ = {isa = PBXBuildFile; fileRef = EABC8CFA1D958F0800F1F13D /* CameraManager.m */; settings = {COMPILER_FLAGS = "-fno-objc-arc"; }; };
		EABC8CFE1D958F2000F1F13D /* UDPManager.m in Sources */ = {isa = PBXBuildFile; fileRef = EABC8CFD1D958F2000F1F13D /* UDPManager.m */; settings = {COMPILER_FLAGS = "-fno-objc-arc"; }; };
		EABC8D021D958F7100F1F13D /* FfmpegInterface.m in Sources */ = {isa = PBXBuildFile; fileRef = EABC8D011D958F7100F1F13D /* FfmpegInterface.m */; };
		EADC72051D9AA2DF003AFD78 /* DeviceSettingsViewController.m in Sources */ = {isa = PBXBuildFile; fileRef = EADC72041D9AA2DF003AFD78 /* DeviceSettingsViewController.m */; };
		EAE728EC1D9B0F9C00B854DF /* ChangePasswordViewController.m in Sources */ = {isa = PBXBuildFile; fileRef = EAE728EB1D9B0F9C00B854DF /* ChangePasswordViewController.m */; };
/* End PBXBuildFile section */

/* Begin PBXContainerItemProxy section */
		EA4913FC1D94741400BE7B9D /* PBXContainerItemProxy */ = {
			isa = PBXContainerItemProxy;
			containerPortal = EA4913DA1D94741300BE7B9D /* Project object */;
			proxyType = 1;
			remoteGlobalIDString = EA4913E11D94741300BE7B9D;
			remoteInfo = yooseeme;
		};
		EA4914071D94741400BE7B9D /* PBXContainerItemProxy */ = {
			isa = PBXContainerItemProxy;
			containerPortal = EA4913DA1D94741300BE7B9D /* Project object */;
			proxyType = 1;
			remoteGlobalIDString = EA4913E11D94741300BE7B9D;
			remoteInfo = yooseeme;
		};
/* End PBXContainerItemProxy section */

/* Begin PBXFileReference section */
		EA2F8F131D9BC94C009F300C /* MD5Manager.h */ = {isa = PBXFileReference; fileEncoding = 4; lastKnownFileType = sourcecode.c.h; path = MD5Manager.h; sourceTree = "<group>"; };
		EA2F8F141D9BC94C009F300C /* MD5Manager.m */ = {isa = PBXFileReference; fileEncoding = 4; lastKnownFileType = sourcecode.c.objc; path = MD5Manager.m; sourceTree = "<group>"; };
		EA2F8F161D9C12AD009F300C /* alarm_push_ring.caf */ = {isa = PBXFileReference; lastKnownFileType = file; path = alarm_push_ring.caf; sourceTree = "<group>"; };
		EA3FDD261D992D92005031F8 /* avcodec.h */ = {isa = PBXFileReference; fileEncoding = 4; lastKnownFileType = sourcecode.c.h; name = avcodec.h; path = ffmpeg/libavcodec/avcodec.h; sourceTree = "<group>"; };
		EA3FDD271D9930DB005031F8 /* libRTSP.a */ = {isa = PBXFileReference; lastKnownFileType = archive.ar; name = libRTSP.a; path = yoosee/wifi/libRTSP.a; sourceTree = "<group>"; };
		EA3FDD2A1D993170005031F8 /* libAVCtrl_i386.a */ = {isa = PBXFileReference; lastKnownFileType = archive.ar; path = libAVCtrl_i386.a; sourceTree = "<group>"; };
		EA3FDD2D1D9931F7005031F8 /* libsqlite3.0.tbd */ = {isa = PBXFileReference; lastKnownFileType = "sourcecode.text-based-dylib-definition"; name = libsqlite3.0.tbd; path = usr/lib/libsqlite3.0.tbd; sourceTree = SDKROOT; };
		EA3FDD2F1D9932D2005031F8 /* libbz2.1.0.tbd */ = {isa = PBXFileReference; lastKnownFileType = "sourcecode.text-based-dylib-definition"; name = libbz2.1.0.tbd; path = usr/lib/libbz2.1.0.tbd; sourceTree = SDKROOT; };
		EA3FDD311D99331F005031F8 /* libz.tbd */ = {isa = PBXFileReference; lastKnownFileType = "sourcecode.text-based-dylib-definition"; name = libz.tbd; path = usr/lib/libz.tbd; sourceTree = SDKROOT; };
		EA3FDD331D993340005031F8 /* libiconv.tbd */ = {isa = PBXFileReference; lastKnownFileType = "sourcecode.text-based-dylib-definition"; name = libiconv.tbd; path = usr/lib/libiconv.tbd; sourceTree = SDKROOT; };
		EA3FDD351D995578005031F8 /* libAVCtrl_arm64.a */ = {isa = PBXFileReference; lastKnownFileType = archive.ar; name = libAVCtrl_arm64.a; path = ../../Downloads/Yoosee/libAVCtrl_arm64.a; sourceTree = "<group>"; };
		EA3FDD361D995578005031F8 /* libAVCtrl_armv7.a */ = {isa = PBXFileReference; lastKnownFileType = archive.ar; name = libAVCtrl_armv7.a; path = ../../Downloads/Yoosee/libAVCtrl_armv7.a; sourceTree = "<group>"; };
		EA3FDD371D995578005031F8 /* libAVCtrl_armv7s.a */ = {isa = PBXFileReference; lastKnownFileType = archive.ar; name = libAVCtrl_armv7s.a; path = ../../Downloads/Yoosee/libAVCtrl_armv7s.a; sourceTree = "<group>"; };
		EA3FDD3B1D99559A005031F8 /* libAVCtrl_arm64.a */ = {isa = PBXFileReference; lastKnownFileType = archive.ar; path = libAVCtrl_arm64.a; sourceTree = "<group>"; };
		EA3FDD3C1D99559A005031F8 /* libAVCtrl_armv7.a */ = {isa = PBXFileReference; lastKnownFileType = archive.ar; path = libAVCtrl_armv7.a; sourceTree = "<group>"; };
		EA3FDD3D1D99559A005031F8 /* libAVCtrl_armv7s.a */ = {isa = PBXFileReference; lastKnownFileType = archive.ar; path = libAVCtrl_armv7s.a; sourceTree = "<group>"; };
		EA3FDD431D996D20005031F8 /* NetManager.h */ = {isa = PBXFileReference; fileEncoding = 4; lastKnownFileType = sourcecode.c.h; path = NetManager.h; sourceTree = "<group>"; };
		EA3FDD441D996D20005031F8 /* NetManager.m */ = {isa = PBXFileReference; fileEncoding = 4; lastKnownFileType = sourcecode.c.objc; path = NetManager.m; sourceTree = "<group>"; };
		EA3FDD461D996D53005031F8 /* AccountResult.h */ = {isa = PBXFileReference; fileEncoding = 4; lastKnownFileType = sourcecode.c.h; path = AccountResult.h; sourceTree = "<group>"; };
		EA3FDD471D996D53005031F8 /* AccountResult.m */ = {isa = PBXFileReference; fileEncoding = 4; lastKnownFileType = sourcecode.c.objc; path = AccountResult.m; sourceTree = "<group>"; };
		EA3FDD491D996D78005031F8 /* ModifyLoginPasswordResult.h */ = {isa = PBXFileReference; fileEncoding = 4; lastKnownFileType = sourcecode.c.h; path = ModifyLoginPasswordResult.h; sourceTree = "<group>"; };
		EA3FDD4A1D996D78005031F8 /* ModifyLoginPasswordResult.m */ = {isa = PBXFileReference; fileEncoding = 4; lastKnownFileType = sourcecode.c.objc; path = ModifyLoginPasswordResult.m; sourceTree = "<group>"; };
		EA3FDD4C1D996D8A005031F8 /* RegisterResult.h */ = {isa = PBXFileReference; fileEncoding = 4; lastKnownFileType = sourcecode.c.h; path = RegisterResult.h; sourceTree = "<group>"; };
		EA3FDD4D1D996D8A005031F8 /* RegisterResult.m */ = {isa = PBXFileReference; fileEncoding = 4; lastKnownFileType = sourcecode.c.objc; path = RegisterResult.m; sourceTree = "<group>"; };
		EA3FDD4F1D996DA2005031F8 /* CheckNewMessageResult.h */ = {isa = PBXFileReference; fileEncoding = 4; lastKnownFileType = sourcecode.c.h; path = CheckNewMessageResult.h; sourceTree = "<group>"; };
		EA3FDD501D996DA2005031F8 /* CheckNewMessageResult.m */ = {isa = PBXFileReference; fileEncoding = 4; lastKnownFileType = sourcecode.c.objc; path = CheckNewMessageResult.m; sourceTree = "<group>"; };
		EA3FDD521D996DB2005031F8 /* GetContactMessageResult.h */ = {isa = PBXFileReference; fileEncoding = 4; lastKnownFileType = sourcecode.c.h; path = GetContactMessageResult.h; sourceTree = "<group>"; };
		EA3FDD531D996DB2005031F8 /* GetContactMessageResult.m */ = {isa = PBXFileReference; fileEncoding = 4; lastKnownFileType = sourcecode.c.objc; path = GetContactMessageResult.m; sourceTree = "<group>"; };
		EA3FDD551D996DD8005031F8 /* CheckAlarmMessageResult.h */ = {isa = PBXFileReference; fileEncoding = 4; lastKnownFileType = sourcecode.c.h; path = CheckAlarmMessageResult.h; sourceTree = "<group>"; };
		EA3FDD561D996DD8005031F8 /* CheckAlarmMessageResult.m */ = {isa = PBXFileReference; fileEncoding = 4; lastKnownFileType = sourcecode.c.objc; path = CheckAlarmMessageResult.m; sourceTree = "<group>"; };
		EA3FDD581D996E13005031F8 /* GetAlarmRecordResult.h */ = {isa = PBXFileReference; fileEncoding = 4; lastKnownFileType = sourcecode.c.h; path = GetAlarmRecordResult.h; sourceTree = "<group>"; };
		EA3FDD591D996E13005031F8 /* GetAlarmRecordResult.m */ = {isa = PBXFileReference; fileEncoding = 4; lastKnownFileType = sourcecode.c.objc; path = GetAlarmRecordResult.m; sourceTree = "<group>"; };
		EA3FDD5C1D996E4D005031F8 /* libPwdEncrypt.a */ = {isa = PBXFileReference; lastKnownFileType = archive.ar; path = libPwdEncrypt.a; sourceTree = "<group>"; };
		EA3FDD5E1D996E51005031F8 /* libPwdEncrypt.h */ = {isa = PBXFileReference; lastKnownFileType = sourcecode.c.h; path = libPwdEncrypt.h; sourceTree = "<group>"; };
		EA4176021D95267C00EC876F /* GCDAsyncUdpSocket.h */ = {isa = PBXFileReference; fileEncoding = 4; lastKnownFileType = sourcecode.c.h; path = GCDAsyncUdpSocket.h; sourceTree = "<group>"; };
		EA4176031D95267C00EC876F /* GCDAsyncUdpSocket.m */ = {isa = PBXFileReference; fileEncoding = 4; lastKnownFileType = sourcecode.c.objc; path = GCDAsyncUdpSocket.m; sourceTree = "<group>"; };
		EA4176071D9534DD00EC876F /* empty.mm */ = {isa = PBXFileReference; fileEncoding = 4; lastKnownFileType = sourcecode.cpp.objcpp; path = empty.mm; sourceTree = "<group>"; };
		EA41C98C1DA68B180049AB9E /* P2PMonitorController.h */ = {isa = PBXFileReference; fileEncoding = 4; lastKnownFileType = sourcecode.c.h; path = P2PMonitorController.h; sourceTree = "<group>"; };
		EA41C98D1DA68B180049AB9E /* P2PMonitorController.m */ = {isa = PBXFileReference; fileEncoding = 4; lastKnownFileType = sourcecode.c.objc; path = P2PMonitorController.m; sourceTree = "<group>"; };
		EA41C9901DA68B790049AB9E /* TouchButton.h */ = {isa = PBXFileReference; fileEncoding = 4; lastKnownFileType = sourcecode.c.h; path = TouchButton.h; sourceTree = "<group>"; };
		EA41C9911DA68B790049AB9E /* TouchButton.m */ = {isa = PBXFileReference; fileEncoding = 4; lastKnownFileType = sourcecode.c.objc; path = TouchButton.m; sourceTree = "<group>"; };
		EA41C9931DA68BA10049AB9E /* OpenGLView.h */ = {isa = PBXFileReference; fileEncoding = 4; lastKnownFileType = sourcecode.c.h; path = OpenGLView.h; sourceTree = "<group>"; };
		EA41C9941DA68BA10049AB9E /* OpenGLView.m */ = {isa = PBXFileReference; fileEncoding = 4; lastKnownFileType = sourcecode.c.objc; path = OpenGLView.m; sourceTree = "<group>"; };
		EA41C9961DA68BC10049AB9E /* CustomBorderButton.h */ = {isa = PBXFileReference; fileEncoding = 4; lastKnownFileType = sourcecode.c.h; path = CustomBorderButton.h; sourceTree = "<group>"; };
		EA41C9971DA68BC10049AB9E /* CustomBorderButton.m */ = {isa = PBXFileReference; fileEncoding = 4; lastKnownFileType = sourcecode.c.objc; path = CustomBorderButton.m; sourceTree = "<group>"; };
		EA41C9991DA68BC90049AB9E /* CustomView.h */ = {isa = PBXFileReference; fileEncoding = 4; lastKnownFileType = sourcecode.c.h; path = CustomView.h; sourceTree = "<group>"; };
		EA41C99A1DA68BC90049AB9E /* CustomView.m */ = {isa = PBXFileReference; fileEncoding = 4; lastKnownFileType = sourcecode.c.objc; path = CustomView.m; sourceTree = "<group>"; };
		EA41C99C1DA68BDE0049AB9E /* YProgressView.h */ = {isa = PBXFileReference; fileEncoding = 4; lastKnownFileType = sourcecode.c.h; path = YProgressView.h; sourceTree = "<group>"; };
		EA41C99D1DA68BDE0049AB9E /* YProgressView.m */ = {isa = PBXFileReference; fileEncoding = 4; lastKnownFileType = sourcecode.c.objc; path = YProgressView.m; sourceTree = "<group>"; };
		EA41C99F1DA68C850049AB9E /* OpenGLES.framework */ = {isa = PBXFileReference; lastKnownFileType = wrapper.framework; name = OpenGLES.framework; path = System/Library/Frameworks/OpenGLES.framework; sourceTree = SDKROOT; };
		EA41C9A11DA68C930049AB9E /* OpenAL.framework */ = {isa = PBXFileReference; lastKnownFileType = wrapper.framework; name = OpenAL.framework; path = System/Library/Frameworks/OpenAL.framework; sourceTree = SDKROOT; };
		EA41C9A41DA68E290049AB9E /* Toast+UIView.h */ = {isa = PBXFileReference; fileEncoding = 4; lastKnownFileType = sourcecode.c.h; path = "Toast+UIView.h"; sourceTree = "<group>"; };
		EA41C9A51DA68E290049AB9E /* Toast+UIView.m */ = {isa = PBXFileReference; fileEncoding = 4; lastKnownFileType = sourcecode.c.objc; path = "Toast+UIView.m"; sourceTree = "<group>"; };
		EA41C9A71DA69A040049AB9E /* Reachability.h */ = {isa = PBXFileReference; fileEncoding = 4; lastKnownFileType = sourcecode.c.h; path = Reachability.h; sourceTree = "<group>"; };
		EA41C9A81DA69A040049AB9E /* Reachability.m */ = {isa = PBXFileReference; fileEncoding = 4; lastKnownFileType = sourcecode.c.objc; path = Reachability.m; sourceTree = "<group>"; };
		EA4913E21D94741300BE7B9D /* yooseeme.app */ = {isa = PBXFileReference; explicitFileType = wrapper.application; includeInIndex = 0; path = yooseeme.app; sourceTree = BUILT_PRODUCTS_DIR; };
		EA4913E61D94741300BE7B9D /* main.m */ = {isa = PBXFileReference; lastKnownFileType = sourcecode.c.objc; path = main.m; sourceTree = "<group>"; };
		EA4913E81D94741300BE7B9D /* AppDelegate.h */ = {isa = PBXFileReference; lastKnownFileType = sourcecode.c.h; path = AppDelegate.h; sourceTree = "<group>"; };
		EA4913E91D94741300BE7B9D /* AppDelegate.m */ = {isa = PBXFileReference; lastKnownFileType = sourcecode.c.objc; path = AppDelegate.m; sourceTree = "<group>"; };
		EA4913EF1D94741300BE7B9D /* Base */ = {isa = PBXFileReference; lastKnownFileType = file.storyboard; name = Base; path = Base.lproj/Main.storyboard; sourceTree = "<group>"; };
		EA4913F11D94741400BE7B9D /* Assets.xcassets */ = {isa = PBXFileReference; lastKnownFileType = folder.assetcatalog; path = Assets.xcassets; sourceTree = "<group>"; };
		EA4913F41D94741400BE7B9D /* Base */ = {isa = PBXFileReference; lastKnownFileType = file.storyboard; name = Base; path = Base.lproj/LaunchScreen.storyboard; sourceTree = "<group>"; };
		EA4913F61D94741400BE7B9D /* Info.plist */ = {isa = PBXFileReference; lastKnownFileType = text.plist.xml; path = Info.plist; sourceTree = "<group>"; };
		EA4913FB1D94741400BE7B9D /* yooseemeTests.xctest */ = {isa = PBXFileReference; explicitFileType = wrapper.cfbundle; includeInIndex = 0; path = yooseemeTests.xctest; sourceTree = BUILT_PRODUCTS_DIR; };
		EA4913FF1D94741400BE7B9D /* yooseemeTests.m */ = {isa = PBXFileReference; lastKnownFileType = sourcecode.c.objc; path = yooseemeTests.m; sourceTree = "<group>"; };
		EA4914011D94741400BE7B9D /* Info.plist */ = {isa = PBXFileReference; lastKnownFileType = text.plist.xml; path = Info.plist; sourceTree = "<group>"; };
		EA4914061D94741400BE7B9D /* yooseemeUITests.xctest */ = {isa = PBXFileReference; explicitFileType = wrapper.cfbundle; includeInIndex = 0; path = yooseemeUITests.xctest; sourceTree = BUILT_PRODUCTS_DIR; };
		EA49140A1D94741400BE7B9D /* yooseemeUITests.m */ = {isa = PBXFileReference; lastKnownFileType = sourcecode.c.objc; path = yooseemeUITests.m; sourceTree = "<group>"; };
		EA49140C1D94741400BE7B9D /* Info.plist */ = {isa = PBXFileReference; lastKnownFileType = text.plist.xml; path = Info.plist; sourceTree = "<group>"; };
		EA49141B1D9474C200BE7B9D /* DeviceListViewController.h */ = {isa = PBXFileReference; fileEncoding = 4; lastKnownFileType = sourcecode.c.h; path = DeviceListViewController.h; sourceTree = "<group>"; };
		EA49141C1D9474C200BE7B9D /* DeviceListViewController.m */ = {isa = PBXFileReference; fileEncoding = 4; lastKnownFileType = sourcecode.c.objc; path = DeviceListViewController.m; sourceTree = "<group>"; };
		EA49141E1D94764600BE7B9D /* AddDeviceViewController.h */ = {isa = PBXFileReference; fileEncoding = 4; lastKnownFileType = sourcecode.c.h; path = AddDeviceViewController.h; sourceTree = "<group>"; };
		EA49141F1D94764600BE7B9D /* AddDeviceViewController.m */ = {isa = PBXFileReference; fileEncoding = 4; lastKnownFileType = sourcecode.c.objc; path = AddDeviceViewController.m; sourceTree = "<group>"; };
		EA7E86171D950CE7001C3CED /* elian.h */ = {isa = PBXFileReference; fileEncoding = 4; lastKnownFileType = sourcecode.c.h; path = elian.h; sourceTree = "<group>"; };
		EA7E86181D950CEE001C3CED /* libelian.a */ = {isa = PBXFileReference; lastKnownFileType = archive.ar; path = libelian.a; sourceTree = "<group>"; };
		EABC8CA61D95682100F1F13D /* PasswordViewController.h */ = {isa = PBXFileReference; fileEncoding = 4; lastKnownFileType = sourcecode.c.h; path = PasswordViewController.h; sourceTree = "<group>"; };
		EABC8CA71D95682100F1F13D /* PasswordViewController.m */ = {isa = PBXFileReference; fileEncoding = 4; lastKnownFileType = sourcecode.c.objc; path = PasswordViewController.m; sourceTree = "<group>"; };
		EABC8CAA1D957C8500F1F13D /* Constants.h */ = {isa = PBXFileReference; fileEncoding = 4; lastKnownFileType = sourcecode.c.h; path = Constants.h; sourceTree = "<group>"; };
		EABC8CAB1D957C8500F1F13D /* Contact.h */ = {isa = PBXFileReference; fileEncoding = 4; lastKnownFileType = sourcecode.c.h; path = Contact.h; sourceTree = "<group>"; };
		EABC8CAC1D957C8500F1F13D /* Contact.m */ = {isa = PBXFileReference; fileEncoding = 4; lastKnownFileType = sourcecode.c.objc; path = Contact.m; sourceTree = "<group>"; };
		EABC8CAF1D957D3000F1F13D /* P2PCInterface.h */ = {isa = PBXFileReference; fileEncoding = 4; lastKnownFileType = sourcecode.c.h; path = P2PCInterface.h; sourceTree = "<group>"; };
		EABC8CB01D957D3000F1F13D /* P2PClient.h */ = {isa = PBXFileReference; fileEncoding = 4; lastKnownFileType = sourcecode.c.h; path = P2PClient.h; sourceTree = "<group>"; };
		EABC8CB11D957D3000F1F13D /* P2PClient.m */ = {isa = PBXFileReference; fileEncoding = 4; lastKnownFileType = sourcecode.c.objc; path = P2PClient.m; sourceTree = "<group>"; };
		EABC8CB41D957D9C00F1F13D /* Utils.h */ = {isa = PBXFileReference; fileEncoding = 4; lastKnownFileType = sourcecode.c.h; path = Utils.h; sourceTree = "<group>"; };
		EABC8CB51D957D9C00F1F13D /* Utils.m */ = {isa = PBXFileReference; fileEncoding = 4; lastKnownFileType = sourcecode.c.objc; path = Utils.m; sourceTree = "<group>"; };
		EABC8CB71D957DBB00F1F13D /* config.h */ = {isa = PBXFileReference; lastKnownFileType = sourcecode.c.h; path = config.h; sourceTree = "<group>"; };
		EABC8CB81D957DD600F1F13D /* PAIOUnit.h */ = {isa = PBXFileReference; fileEncoding = 4; lastKnownFileType = sourcecode.c.h; path = PAIOUnit.h; sourceTree = "<group>"; };
		EABC8CB91D957DD600F1F13D /* PAIOUnit.m */ = {isa = PBXFileReference; fileEncoding = 4; lastKnownFileType = sourcecode.c.objc; path = PAIOUnit.m; sourceTree = "<group>"; };
		EABC8CBB1D957E3800F1F13D /* FListManager.h */ = {isa = PBXFileReference; fileEncoding = 4; lastKnownFileType = sourcecode.c.h; path = FListManager.h; sourceTree = "<group>"; };
		EABC8CBC1D957E3800F1F13D /* FListManager.m */ = {isa = PBXFileReference; fileEncoding = 4; lastKnownFileType = sourcecode.c.objc; path = FListManager.m; sourceTree = "<group>"; };
		EABC8CBE1D957E7B00F1F13D /* des2.c */ = {isa = PBXFileReference; fileEncoding = 4; lastKnownFileType = sourcecode.c.c; path = des2.c; sourceTree = "<group>"; };
		EABC8CBF1D957E7B00F1F13D /* des2.h */ = {isa = PBXFileReference; fileEncoding = 4; lastKnownFileType = sourcecode.c.h; path = des2.h; sourceTree = "<group>"; };
		EABC8CC11D957E8F00F1F13D /* mesg.h */ = {isa = PBXFileReference; lastKnownFileType = sourcecode.c.h; path = mesg.h; sourceTree = "<group>"; };
		EABC8CC21D9581A700F1F13D /* ShakeManager.h */ = {isa = PBXFileReference; fileEncoding = 4; lastKnownFileType = sourcecode.c.h; path = ShakeManager.h; sourceTree = "<group>"; };
		EABC8CC31D9581A700F1F13D /* ShakeManager.m */ = {isa = PBXFileReference; fileEncoding = 4; lastKnownFileType = sourcecode.c.objc; path = ShakeManager.m; sourceTree = "<group>"; };
		EABC8CC51D95823000F1F13D /* ContactDAO.h */ = {isa = PBXFileReference; fileEncoding = 4; lastKnownFileType = sourcecode.c.h; path = ContactDAO.h; sourceTree = "<group>"; };
		EABC8CC61D95823000F1F13D /* ContactDAO.m */ = {isa = PBXFileReference; fileEncoding = 4; lastKnownFileType = sourcecode.c.objc; path = ContactDAO.m; sourceTree = "<group>"; };
		EABC8CC81D95828F00F1F13D /* UDManager.h */ = {isa = PBXFileReference; fileEncoding = 4; lastKnownFileType = sourcecode.c.h; path = UDManager.h; sourceTree = "<group>"; };
		EABC8CC91D95828F00F1F13D /* UDManager.m */ = {isa = PBXFileReference; fileEncoding = 4; lastKnownFileType = sourcecode.c.objc; path = UDManager.m; sourceTree = "<group>"; };
		EABC8CCB1D9582B400F1F13D /* LocalDevice.h */ = {isa = PBXFileReference; fileEncoding = 4; lastKnownFileType = sourcecode.c.h; path = LocalDevice.h; sourceTree = "<group>"; };
		EABC8CCC1D9582B400F1F13D /* LocalDevice.m */ = {isa = PBXFileReference; fileEncoding = 4; lastKnownFileType = sourcecode.c.objc; path = LocalDevice.m; sourceTree = "<group>"; };
		EABC8CCF1D95835200F1F13D /* LoginResult.h */ = {isa = PBXFileReference; fileEncoding = 4; lastKnownFileType = sourcecode.c.h; path = LoginResult.h; sourceTree = "<group>"; };
		EABC8CD01D95835200F1F13D /* LoginResult.m */ = {isa = PBXFileReference; fileEncoding = 4; lastKnownFileType = sourcecode.c.objc; path = LoginResult.m; sourceTree = "<group>"; };
		EABC8CD31D95839A00F1F13D /* FMDatabase.h */ = {isa = PBXFileReference; fileEncoding = 4; lastKnownFileType = sourcecode.c.h; path = FMDatabase.h; sourceTree = "<group>"; };
		EABC8CD41D95839A00F1F13D /* FMDatabase.m */ = {isa = PBXFileReference; fileEncoding = 4; lastKnownFileType = sourcecode.c.objc; path = FMDatabase.m; sourceTree = "<group>"; };
		EABC8CD51D95839A00F1F13D /* FMDatabasePool.h */ = {isa = PBXFileReference; fileEncoding = 4; lastKnownFileType = sourcecode.c.h; path = FMDatabasePool.h; sourceTree = "<group>"; };
		EABC8CD61D95839A00F1F13D /* FMDatabasePool.m */ = {isa = PBXFileReference; fileEncoding = 4; lastKnownFileType = sourcecode.c.objc; path = FMDatabasePool.m; sourceTree = "<group>"; };
		EABC8CD71D95839A00F1F13D /* FMDatabaseQueue.h */ = {isa = PBXFileReference; fileEncoding = 4; lastKnownFileType = sourcecode.c.h; path = FMDatabaseQueue.h; sourceTree = "<group>"; };
		EABC8CD81D95839A00F1F13D /* FMDatabaseQueue.m */ = {isa = PBXFileReference; fileEncoding = 4; lastKnownFileType = sourcecode.c.objc; path = FMDatabaseQueue.m; sourceTree = "<group>"; };
		EABC8CD91D95839A00F1F13D /* FMResultSet.h */ = {isa = PBXFileReference; fileEncoding = 4; lastKnownFileType = sourcecode.c.h; path = FMResultSet.h; sourceTree = "<group>"; };
		EABC8CDA1D95839A00F1F13D /* FMResultSet.m */ = {isa = PBXFileReference; fileEncoding = 4; lastKnownFileType = sourcecode.c.objc; path = FMResultSet.m; sourceTree = "<group>"; };
		EABC8CE01D958D0700F1F13D /* Rtsp_instance.h */ = {isa = PBXFileReference; fileEncoding = 4; lastKnownFileType = sourcecode.c.h; path = Rtsp_instance.h; sourceTree = "<group>"; };
		EABC8CE11D958D0700F1F13D /* RtspInterface.h */ = {isa = PBXFileReference; fileEncoding = 4; lastKnownFileType = sourcecode.c.h; path = RtspInterface.h; sourceTree = "<group>"; };
		EABC8CE21D958D0700F1F13D /* RtspInterface.mm */ = {isa = PBXFileReference; fileEncoding = 4; lastKnownFileType = sourcecode.cpp.objcpp; path = RtspInterface.mm; sourceTree = "<group>"; };
		EABC8CE41D958D3C00F1F13D /* Alarm.h */ = {isa = PBXFileReference; fileEncoding = 4; lastKnownFileType = sourcecode.c.h; path = Alarm.h; sourceTree = "<group>"; };
		EABC8CE51D958D3C00F1F13D /* Alarm.m */ = {isa = PBXFileReference; fileEncoding = 4; lastKnownFileType = sourcecode.c.objc; path = Alarm.m; sourceTree = "<group>"; };
		EABC8CE71D958D5800F1F13D /* AlarmDAO.h */ = {isa = PBXFileReference; fileEncoding = 4; lastKnownFileType = sourcecode.c.h; path = AlarmDAO.h; sourceTree = "<group>"; };
		EABC8CE81D958D5800F1F13D /* AlarmDAO.m */ = {isa = PBXFileReference; fileEncoding = 4; lastKnownFileType = sourcecode.c.objc; path = AlarmDAO.m; sourceTree = "<group>"; };
		EABC8CEA1D958D8C00F1F13D /* RecommendInfo.h */ = {isa = PBXFileReference; fileEncoding = 4; lastKnownFileType = sourcecode.c.h; path = RecommendInfo.h; sourceTree = "<group>"; };
		EABC8CEB1D958D8C00F1F13D /* RecommendInfo.m */ = {isa = PBXFileReference; fileEncoding = 4; lastKnownFileType = sourcecode.c.objc; path = RecommendInfo.m; sourceTree = "<group>"; };
		EABC8CED1D958DA800F1F13D /* RecommendInfoDAO.h */ = {isa = PBXFileReference; fileEncoding = 4; lastKnownFileType = sourcecode.c.h; path = RecommendInfoDAO.h; sourceTree = "<group>"; };
		EABC8CEE1D958DA800F1F13D /* RecommendInfoDAO.m */ = {isa = PBXFileReference; fileEncoding = 4; lastKnownFileType = sourcecode.c.objc; path = RecommendInfoDAO.m; sourceTree = "<group>"; };
		EABC8CF21D958E7800F1F13D /* MPNotificationView.h */ = {isa = PBXFileReference; fileEncoding = 4; lastKnownFileType = sourcecode.c.h; path = MPNotificationView.h; sourceTree = "<group>"; };
		EABC8CF31D958E7800F1F13D /* MPNotificationView.m */ = {isa = PBXFileReference; fileEncoding = 4; lastKnownFileType = sourcecode.c.objc; path = MPNotificationView.m; sourceTree = "<group>"; };
		EABC8CF61D958EB100F1F13D /* OBGradientView.h */ = {isa = PBXFileReference; fileEncoding = 4; lastKnownFileType = sourcecode.c.h; path = OBGradientView.h; sourceTree = "<group>"; };
		EABC8CF71D958EB100F1F13D /* OBGradientView.m */ = {isa = PBXFileReference; fileEncoding = 4; lastKnownFileType = sourcecode.c.objc; path = OBGradientView.m; sourceTree = "<group>"; };
		EABC8CF91D958F0800F1F13D /* CameraManager.h */ = {isa = PBXFileReference; fileEncoding = 4; lastKnownFileType = sourcecode.c.h; path = CameraManager.h; sourceTree = "<group>"; };
		EABC8CFA1D958F0800F1F13D /* CameraManager.m */ = {isa = PBXFileReference; fileEncoding = 4; lastKnownFileType = sourcecode.c.objc; path = CameraManager.m; sourceTree = "<group>"; };
		EABC8CFC1D958F2000F1F13D /* UDPManager.h */ = {isa = PBXFileReference; fileEncoding = 4; lastKnownFileType = sourcecode.c.h; path = UDPManager.h; sourceTree = "<group>"; };
		EABC8CFD1D958F2000F1F13D /* UDPManager.m */ = {isa = PBXFileReference; fileEncoding = 4; lastKnownFileType = sourcecode.c.objc; path = UDPManager.m; sourceTree = "<group>"; };
		EABC8D001D958F7100F1F13D /* FfmpegInterface.h */ = {isa = PBXFileReference; fileEncoding = 4; lastKnownFileType = sourcecode.c.h; path = FfmpegInterface.h; sourceTree = "<group>"; };
		EABC8D011D958F7100F1F13D /* FfmpegInterface.m */ = {isa = PBXFileReference; fileEncoding = 4; lastKnownFileType = sourcecode.c.objc; path = FfmpegInterface.m; sourceTree = "<group>"; };
		EADC72031D9AA2DF003AFD78 /* DeviceSettingsViewController.h */ = {isa = PBXFileReference; fileEncoding = 4; lastKnownFileType = sourcecode.c.h; path = DeviceSettingsViewController.h; sourceTree = "<group>"; };
		EADC72041D9AA2DF003AFD78 /* DeviceSettingsViewController.m */ = {isa = PBXFileReference; fileEncoding = 4; lastKnownFileType = sourcecode.c.objc; path = DeviceSettingsViewController.m; sourceTree = "<group>"; };
		EAE728EA1D9B0F9C00B854DF /* ChangePasswordViewController.h */ = {isa = PBXFileReference; fileEncoding = 4; lastKnownFileType = sourcecode.c.h; path = ChangePasswordViewController.h; sourceTree = "<group>"; };
		EAE728EB1D9B0F9C00B854DF /* ChangePasswordViewController.m */ = {isa = PBXFileReference; fileEncoding = 4; lastKnownFileType = sourcecode.c.objc; path = ChangePasswordViewController.m; sourceTree = "<group>"; };
/* End PBXFileReference section */

/* Begin PBXFrameworksBuildPhase section */
		EA4913DF1D94741300BE7B9D /* Frameworks */ = {
			isa = PBXFrameworksBuildPhase;
			buildActionMask = 2147483647;
			files = (
				EA41C9A21DA68C930049AB9E /* OpenAL.framework in Frameworks */,
				EA41C9A01DA68C850049AB9E /* OpenGLES.framework in Frameworks */,
				EA3FDD341D993341005031F8 /* libiconv.tbd in Frameworks */,
				EA3FDD401D99559A005031F8 /* libAVCtrl_armv7s.a in Frameworks */,
				EA3FDD321D99331F005031F8 /* libz.tbd in Frameworks */,
				EA3FDD301D9932D2005031F8 /* libbz2.1.0.tbd in Frameworks */,
				EA3FDD2E1D9931F7005031F8 /* libsqlite3.0.tbd in Frameworks */,
				EA3FDD3E1D99559A005031F8 /* libAVCtrl_arm64.a in Frameworks */,
				EA3FDD281D9930DB005031F8 /* libRTSP.a in Frameworks */,
				EA3FDD2B1D993170005031F8 /* libAVCtrl_i386.a in Frameworks */,
				EA3FDD3F1D99559A005031F8 /* libAVCtrl_armv7.a in Frameworks */,
				EA3FDD5D1D996E4D005031F8 /* libPwdEncrypt.a in Frameworks */,
				EA7E86301D951C00001C3CED /* libelian.a in Frameworks */,
			);
			runOnlyForDeploymentPostprocessing = 0;
		};
		EA4913F81D94741400BE7B9D /* Frameworks */ = {
			isa = PBXFrameworksBuildPhase;
			buildActionMask = 2147483647;
			files = (
			);
			runOnlyForDeploymentPostprocessing = 0;
		};
		EA4914031D94741400BE7B9D /* Frameworks */ = {
			isa = PBXFrameworksBuildPhase;
			buildActionMask = 2147483647;
			files = (
			);
			runOnlyForDeploymentPostprocessing = 0;
		};
/* End PBXFrameworksBuildPhase section */

/* Begin PBXGroup section */
		EA3FDD2C1D9931F7005031F8 /* Frameworks */ = {
			isa = PBXGroup;
			children = (
				EA41C9A11DA68C930049AB9E /* OpenAL.framework */,
				EA41C99F1DA68C850049AB9E /* OpenGLES.framework */,
				EA3FDD271D9930DB005031F8 /* libRTSP.a */,
				EA3FDD2A1D993170005031F8 /* libAVCtrl_i386.a */,
				EA3FDD3B1D99559A005031F8 /* libAVCtrl_arm64.a */,
				EA3FDD3C1D99559A005031F8 /* libAVCtrl_armv7.a */,
				EA3FDD3D1D99559A005031F8 /* libAVCtrl_armv7s.a */,
				EA3FDD351D995578005031F8 /* libAVCtrl_arm64.a */,
				EA3FDD361D995578005031F8 /* libAVCtrl_armv7.a */,
				EA3FDD371D995578005031F8 /* libAVCtrl_armv7s.a */,
				EA3FDD331D993340005031F8 /* libiconv.tbd */,
				EA3FDD311D99331F005031F8 /* libz.tbd */,
				EA3FDD2F1D9932D2005031F8 /* libbz2.1.0.tbd */,
				EA3FDD2D1D9931F7005031F8 /* libsqlite3.0.tbd */,
			);
			name = Frameworks;
			sourceTree = "<group>";
		};
		EA3FDD5B1D996E3C005031F8 /* libPwdEncrypt */ = {
			isa = PBXGroup;
			children = (
				EA3FDD5C1D996E4D005031F8 /* libPwdEncrypt.a */,
				EA3FDD5E1D996E51005031F8 /* libPwdEncrypt.h */,
			);
			name = libPwdEncrypt;
			sourceTree = "<group>";
		};
		EA4176011D95266C00EC876F /* GCDAsyncUdpSocket */ = {
			isa = PBXGroup;
			children = (
				EA4176021D95267C00EC876F /* GCDAsyncUdpSocket.h */,
				EA4176031D95267C00EC876F /* GCDAsyncUdpSocket.m */,
			);
			path = GCDAsyncUdpSocket;
			sourceTree = "<group>";
		};
		EA41C98B1DA68B000049AB9E /* Controllers */ = {
			isa = PBXGroup;
			children = (
				EA41C98C1DA68B180049AB9E /* P2PMonitorController.h */,
				EA41C98D1DA68B180049AB9E /* P2PMonitorController.m */,
			);
			name = Controllers;
			sourceTree = "<group>";
		};
		EA41C98F1DA68B620049AB9E /* UIAdditional */ = {
			isa = PBXGroup;
			children = (
				EA41C9901DA68B790049AB9E /* TouchButton.h */,
				EA41C9911DA68B790049AB9E /* TouchButton.m */,
				EA41C9961DA68BC10049AB9E /* CustomBorderButton.h */,
				EA41C9971DA68BC10049AB9E /* CustomBorderButton.m */,
				EA41C9991DA68BC90049AB9E /* CustomView.h */,
				EA41C99A1DA68BC90049AB9E /* CustomView.m */,
				EA41C99C1DA68BDE0049AB9E /* YProgressView.h */,
				EA41C99D1DA68BDE0049AB9E /* YProgressView.m */,
			);
			name = UIAdditional;
			sourceTree = "<group>";
		};
		EA41C9A31DA68DFD0049AB9E /* Toast */ = {
			isa = PBXGroup;
			children = (
				EA41C9A41DA68E290049AB9E /* Toast+UIView.h */,
				EA41C9A51DA68E290049AB9E /* Toast+UIView.m */,
			);
			name = Toast;
			sourceTree = "<group>";
		};
		EA4913D91D94741300BE7B9D = {
			isa = PBXGroup;
			children = (
				EA4913E31D94741300BE7B9D /* Products */,
				EA7E86131D950C6B001C3CED /* yoosee */,
				EA4913E41D94741300BE7B9D /* yooseeme */,
				EA4913FE1D94741400BE7B9D /* yooseemeTests */,
				EA4914091D94741400BE7B9D /* yooseemeUITests */,
				EA3FDD2C1D9931F7005031F8 /* Frameworks */,
			);
			sourceTree = "<group>";
		};
		EA4913E31D94741300BE7B9D /* Products */ = {
			isa = PBXGroup;
			children = (
				EA4913E21D94741300BE7B9D /* yooseeme.app */,
				EA4913FB1D94741400BE7B9D /* yooseemeTests.xctest */,
				EA4914061D94741400BE7B9D /* yooseemeUITests.xctest */,
			);
			name = Products;
			sourceTree = "<group>";
		};
		EA4913E41D94741300BE7B9D /* yooseeme */ = {
			isa = PBXGroup;
			children = (
				EA4913E81D94741300BE7B9D /* AppDelegate.h */,
				EA4913E91D94741300BE7B9D /* AppDelegate.m */,
				EA49141B1D9474C200BE7B9D /* DeviceListViewController.h */,
				EA49141C1D9474C200BE7B9D /* DeviceListViewController.m */,
				EADC72031D9AA2DF003AFD78 /* DeviceSettingsViewController.h */,
				EADC72041D9AA2DF003AFD78 /* DeviceSettingsViewController.m */,
				EA49141E1D94764600BE7B9D /* AddDeviceViewController.h */,
				EA49141F1D94764600BE7B9D /* AddDeviceViewController.m */,
				EABC8CA61D95682100F1F13D /* PasswordViewController.h */,
				EABC8CA71D95682100F1F13D /* PasswordViewController.m */,
				EAE728EA1D9B0F9C00B854DF /* ChangePasswordViewController.h */,
				EAE728EB1D9B0F9C00B854DF /* ChangePasswordViewController.m */,
				EA4913F11D94741400BE7B9D /* Assets.xcassets */,
				EA4913F61D94741400BE7B9D /* Info.plist */,
				EA4913F31D94741400BE7B9D /* LaunchScreen.storyboard */,
				EA4913EE1D94741300BE7B9D /* Main.storyboard */,
				EA4913E51D94741300BE7B9D /* Supporting Files */,
			);
			path = yooseeme;
			sourceTree = "<group>";
		};
		EA4913E51D94741300BE7B9D /* Supporting Files */ = {
			isa = PBXGroup;
			children = (
				EA2F8F161D9C12AD009F300C /* alarm_push_ring.caf */,
				EA4913E61D94741300BE7B9D /* main.m */,
			);
			path = "Supporting Files";
			sourceTree = "<group>";
		};
		EA4913FE1D94741400BE7B9D /* yooseemeTests */ = {
			isa = PBXGroup;
			children = (
				EA4914011D94741400BE7B9D /* Info.plist */,
				EA4913FF1D94741400BE7B9D /* yooseemeTests.m */,
			);
			path = yooseemeTests;
			sourceTree = "<group>";
		};
		EA4914091D94741400BE7B9D /* yooseemeUITests */ = {
			isa = PBXGroup;
			children = (
				EA49140C1D94741400BE7B9D /* Info.plist */,
				EA49140A1D94741400BE7B9D /* yooseemeUITests.m */,
			);
			path = yooseemeUITests;
			sourceTree = "<group>";
		};
		EA7E86131D950C6B001C3CED /* yoosee */ = {
			isa = PBXGroup;
			children = (
				EA41C98F1DA68B620049AB9E /* UIAdditional */,
				EA41C98B1DA68B000049AB9E /* Controllers */,
				EABC8CA91D957C6800F1F13D /* Databases */,
				EA4176011D95266C00EC876F /* GCDAsyncUdpSocket */,
				EABC8CB31D957D8400F1F13D /* Global */,
				EABC8CF01D958E5F00F1F13D /* Libraries */,
				EABC8CCE1D95833C00F1F13D /* Net */,
				EABC8CAE1D957CF300F1F13D /* P2PCore */,
				EABC8CDF1D958C5800F1F13D /* rtsp */,
				EA7E86161D950CD6001C3CED /* wifi */,
			);
			path = yoosee;
			sourceTree = "<group>";
		};
		EA7E86161D950CD6001C3CED /* wifi */ = {
			isa = PBXGroup;
			children = (
				EA7E86171D950CE7001C3CED /* elian.h */,
				EA4176071D9534DD00EC876F /* empty.mm */,
				EA7E86181D950CEE001C3CED /* libelian.a */,
			);
			path = wifi;
			sourceTree = "<group>";
		};
		EABC8CA91D957C6800F1F13D /* Databases */ = {
			isa = PBXGroup;
			children = (
				EABC8CD21D95837400F1F13D /* FMDatabase */,
				EABC8CE41D958D3C00F1F13D /* Alarm.h */,
				EABC8CE51D958D3C00F1F13D /* Alarm.m */,
				EABC8CE71D958D5800F1F13D /* AlarmDAO.h */,
				EABC8CE81D958D5800F1F13D /* AlarmDAO.m */,
				EABC8CAA1D957C8500F1F13D /* Constants.h */,
				EABC8CAB1D957C8500F1F13D /* Contact.h */,
				EABC8CAC1D957C8500F1F13D /* Contact.m */,
				EABC8CC51D95823000F1F13D /* ContactDAO.h */,
				EABC8CC61D95823000F1F13D /* ContactDAO.m */,
				EABC8CCB1D9582B400F1F13D /* LocalDevice.h */,
				EABC8CCC1D9582B400F1F13D /* LocalDevice.m */,
				EABC8CEA1D958D8C00F1F13D /* RecommendInfo.h */,
				EABC8CEB1D958D8C00F1F13D /* RecommendInfo.m */,
				EABC8CED1D958DA800F1F13D /* RecommendInfoDAO.h */,
				EABC8CEE1D958DA800F1F13D /* RecommendInfoDAO.m */,
				EABC8CC81D95828F00F1F13D /* UDManager.h */,
				EABC8CC91D95828F00F1F13D /* UDManager.m */,
				EABC8CFC1D958F2000F1F13D /* UDPManager.h */,
				EABC8CFD1D958F2000F1F13D /* UDPManager.m */,
			);
			path = Databases;
			sourceTree = "<group>";
		};
		EABC8CAE1D957CF300F1F13D /* P2PCore */ = {
			isa = PBXGroup;
			children = (
				EA41C9931DA68BA10049AB9E /* OpenGLView.h */,
				EA41C9941DA68BA10049AB9E /* OpenGLView.m */,
				EABC8CF91D958F0800F1F13D /* CameraManager.h */,
				EABC8CFA1D958F0800F1F13D /* CameraManager.m */,
				EABC8CAF1D957D3000F1F13D /* P2PCInterface.h */,
				EABC8CB01D957D3000F1F13D /* P2PClient.h */,
				EABC8CB11D957D3000F1F13D /* P2PClient.m */,
				EABC8CB81D957DD600F1F13D /* PAIOUnit.h */,
				EABC8CB91D957DD600F1F13D /* PAIOUnit.m */,
				EABC8CB71D957DBB00F1F13D /* config.h */,
				EABC8CBE1D957E7B00F1F13D /* des2.c */,
				EABC8CBF1D957E7B00F1F13D /* des2.h */,
				EABC8CC11D957E8F00F1F13D /* mesg.h */,
			);
			path = P2PCore;
			sourceTree = "<group>";
		};
		EABC8CB31D957D8400F1F13D /* Global */ = {
			isa = PBXGroup;
			children = (
				EABC8CBB1D957E3800F1F13D /* FListManager.h */,
				EABC8CBC1D957E3800F1F13D /* FListManager.m */,
				EABC8CC21D9581A700F1F13D /* ShakeManager.h */,
				EABC8CC31D9581A700F1F13D /* ShakeManager.m */,
				EABC8CB41D957D9C00F1F13D /* Utils.h */,
				EABC8CB51D957D9C00F1F13D /* Utils.m */,
				EA2F8F131D9BC94C009F300C /* MD5Manager.h */,
				EA2F8F141D9BC94C009F300C /* MD5Manager.m */,
				EA41C9A71DA69A040049AB9E /* Reachability.h */,
				EA41C9A81DA69A040049AB9E /* Reachability.m */,
			);
			path = Global;
			sourceTree = "<group>";
		};
		EABC8CCE1D95833C00F1F13D /* Net */ = {
			isa = PBXGroup;
			children = (
				EA3FDD431D996D20005031F8 /* NetManager.h */,
				EA3FDD441D996D20005031F8 /* NetManager.m */,
				EABC8CCF1D95835200F1F13D /* LoginResult.h */,
				EABC8CD01D95835200F1F13D /* LoginResult.m */,
				EA3FDD461D996D53005031F8 /* AccountResult.h */,
				EA3FDD471D996D53005031F8 /* AccountResult.m */,
				EA3FDD491D996D78005031F8 /* ModifyLoginPasswordResult.h */,
				EA3FDD4A1D996D78005031F8 /* ModifyLoginPasswordResult.m */,
				EA3FDD4C1D996D8A005031F8 /* RegisterResult.h */,
				EA3FDD4D1D996D8A005031F8 /* RegisterResult.m */,
				EA3FDD4F1D996DA2005031F8 /* CheckNewMessageResult.h */,
				EA3FDD501D996DA2005031F8 /* CheckNewMessageResult.m */,
				EA3FDD521D996DB2005031F8 /* GetContactMessageResult.h */,
				EA3FDD531D996DB2005031F8 /* GetContactMessageResult.m */,
				EA3FDD551D996DD8005031F8 /* CheckAlarmMessageResult.h */,
				EA3FDD561D996DD8005031F8 /* CheckAlarmMessageResult.m */,
				EA3FDD581D996E13005031F8 /* GetAlarmRecordResult.h */,
				EA3FDD591D996E13005031F8 /* GetAlarmRecordResult.m */,
			);
			path = Net;
			sourceTree = "<group>";
		};
		EABC8CD21D95837400F1F13D /* FMDatabase */ = {
			isa = PBXGroup;
			children = (
				EABC8CD31D95839A00F1F13D /* FMDatabase.h */,
				EABC8CD41D95839A00F1F13D /* FMDatabase.m */,
				EABC8CD51D95839A00F1F13D /* FMDatabasePool.h */,
				EABC8CD61D95839A00F1F13D /* FMDatabasePool.m */,
				EABC8CD71D95839A00F1F13D /* FMDatabaseQueue.h */,
				EABC8CD81D95839A00F1F13D /* FMDatabaseQueue.m */,
				EABC8CD91D95839A00F1F13D /* FMResultSet.h */,
				EABC8CDA1D95839A00F1F13D /* FMResultSet.m */,
			);
			path = FMDatabase;
			sourceTree = "<group>";
		};
		EABC8CDF1D958C5800F1F13D /* rtsp */ = {
			isa = PBXGroup;
			children = (
				EABC8D001D958F7100F1F13D /* FfmpegInterface.h */,
				EABC8D011D958F7100F1F13D /* FfmpegInterface.m */,
				EABC8CE11D958D0700F1F13D /* RtspInterface.h */,
				EABC8CE21D958D0700F1F13D /* RtspInterface.mm */,
				EABC8CE01D958D0700F1F13D /* Rtsp_instance.h */,
				EA3FDD261D992D92005031F8 /* avcodec.h */,
			);
			path = rtsp;
			sourceTree = "<group>";
		};
		EABC8CF01D958E5F00F1F13D /* Libraries */ = {
			isa = PBXGroup;
			children = (
				EA41C9A31DA68DFD0049AB9E /* Toast */,
				EA3FDD5B1D996E3C005031F8 /* libPwdEncrypt */,
				EABC8CF11D958E6E00F1F13D /* MPNotificationView */,
				EABC8CF51D958E9E00F1F13D /* OBGradientView */,
			);
			path = Libraries;
			sourceTree = "<group>";
		};
		EABC8CF11D958E6E00F1F13D /* MPNotificationView */ = {
			isa = PBXGroup;
			children = (
				EABC8CF21D958E7800F1F13D /* MPNotificationView.h */,
				EABC8CF31D958E7800F1F13D /* MPNotificationView.m */,
			);
			path = MPNotificationView;
			sourceTree = "<group>";
		};
		EABC8CF51D958E9E00F1F13D /* OBGradientView */ = {
			isa = PBXGroup;
			children = (
				EABC8CF61D958EB100F1F13D /* OBGradientView.h */,
				EABC8CF71D958EB100F1F13D /* OBGradientView.m */,
			);
			path = OBGradientView;
			sourceTree = "<group>";
		};
/* End PBXGroup section */

/* Begin PBXNativeTarget section */
		EA4913E11D94741300BE7B9D /* yooseeme */ = {
			isa = PBXNativeTarget;
			buildConfigurationList = EA49140F1D94741400BE7B9D /* Build configuration list for PBXNativeTarget "yooseeme" */;
			buildPhases = (
				EA4913DE1D94741300BE7B9D /* Sources */,
				EA4913DF1D94741300BE7B9D /* Frameworks */,
				EA4913E01D94741300BE7B9D /* Resources */,
			);
			buildRules = (
			);
			dependencies = (
			);
			name = yooseeme;
			productName = yooseeme;
			productReference = EA4913E21D94741300BE7B9D /* yooseeme.app */;
			productType = "com.apple.product-type.application";
		};
		EA4913FA1D94741400BE7B9D /* yooseemeTests */ = {
			isa = PBXNativeTarget;
			buildConfigurationList = EA4914121D94741400BE7B9D /* Build configuration list for PBXNativeTarget "yooseemeTests" */;
			buildPhases = (
				EA4913F71D94741400BE7B9D /* Sources */,
				EA4913F81D94741400BE7B9D /* Frameworks */,
				EA4913F91D94741400BE7B9D /* Resources */,
			);
			buildRules = (
			);
			dependencies = (
				EA4913FD1D94741400BE7B9D /* PBXTargetDependency */,
			);
			name = yooseemeTests;
			productName = yooseemeTests;
			productReference = EA4913FB1D94741400BE7B9D /* yooseemeTests.xctest */;
			productType = "com.apple.product-type.bundle.unit-test";
		};
		EA4914051D94741400BE7B9D /* yooseemeUITests */ = {
			isa = PBXNativeTarget;
			buildConfigurationList = EA4914151D94741400BE7B9D /* Build configuration list for PBXNativeTarget "yooseemeUITests" */;
			buildPhases = (
				EA4914021D94741400BE7B9D /* Sources */,
				EA4914031D94741400BE7B9D /* Frameworks */,
				EA4914041D94741400BE7B9D /* Resources */,
			);
			buildRules = (
			);
			dependencies = (
				EA4914081D94741400BE7B9D /* PBXTargetDependency */,
			);
			name = yooseemeUITests;
			productName = yooseemeUITests;
			productReference = EA4914061D94741400BE7B9D /* yooseemeUITests.xctest */;
			productType = "com.apple.product-type.bundle.ui-testing";
		};
/* End PBXNativeTarget section */

/* Begin PBXProject section */
		EA4913DA1D94741300BE7B9D /* Project object */ = {
			isa = PBXProject;
			attributes = {
				LastUpgradeCheck = 0730;
				ORGANIZATIONNAME = Tony;
				TargetAttributes = {
					EA4913E11D94741300BE7B9D = {
						CreatedOnToolsVersion = 7.3.1;
						DevelopmentTeam = 45CBN28GD4;
					};
					EA4913FA1D94741400BE7B9D = {
						CreatedOnToolsVersion = 7.3.1;
						TestTargetID = EA4913E11D94741300BE7B9D;
					};
					EA4914051D94741400BE7B9D = {
						CreatedOnToolsVersion = 7.3.1;
						TestTargetID = EA4913E11D94741300BE7B9D;
					};
				};
			};
			buildConfigurationList = EA4913DD1D94741300BE7B9D /* Build configuration list for PBXProject "yooseeme" */;
			compatibilityVersion = "Xcode 3.2";
			developmentRegion = English;
			hasScannedForEncodings = 0;
			knownRegions = (
				en,
				Base,
			);
			mainGroup = EA4913D91D94741300BE7B9D;
			productRefGroup = EA4913E31D94741300BE7B9D /* Products */;
			projectDirPath = "";
			projectRoot = "";
			targets = (
				EA4913E11D94741300BE7B9D /* yooseeme */,
				EA4913FA1D94741400BE7B9D /* yooseemeTests */,
				EA4914051D94741400BE7B9D /* yooseemeUITests */,
			);
		};
/* End PBXProject section */

/* Begin PBXResourcesBuildPhase section */
		EA4913E01D94741300BE7B9D /* Resources */ = {
			isa = PBXResourcesBuildPhase;
			buildActionMask = 2147483647;
			files = (
				EA4913F51D94741400BE7B9D /* LaunchScreen.storyboard in Resources */,
				EA4913F21D94741400BE7B9D /* Assets.xcassets in Resources */,
				EA2F8F171D9C12AD009F300C /* alarm_push_ring.caf in Resources */,
				EA4913F01D94741300BE7B9D /* Main.storyboard in Resources */,
			);
			runOnlyForDeploymentPostprocessing = 0;
		};
		EA4913F91D94741400BE7B9D /* Resources */ = {
			isa = PBXResourcesBuildPhase;
			buildActionMask = 2147483647;
			files = (
			);
			runOnlyForDeploymentPostprocessing = 0;
		};
		EA4914041D94741400BE7B9D /* Resources */ = {
			isa = PBXResourcesBuildPhase;
			buildActionMask = 2147483647;
			files = (
			);
			runOnlyForDeploymentPostprocessing = 0;
		};
/* End PBXResourcesBuildPhase section */

/* Begin PBXSourcesBuildPhase section */
		EA4913DE1D94741300BE7B9D /* Sources */ = {
			isa = PBXSourcesBuildPhase;
			buildActionMask = 2147483647;
			files = (
				EABC8CEC1D958D8C00F1F13D /* RecommendInfo.m in Sources */,
				EABC8CC71D95823000F1F13D /* ContactDAO.m in Sources */,
				EABC8CDB1D95839A00F1F13D /* FMDatabase.m in Sources */,
				EABC8CF81D958EB100F1F13D /* OBGradientView.m in Sources */,
				EA3FDD5A1D996E13005031F8 /* GetAlarmRecordResult.m in Sources */,
				EABC8CFB1D958F0800F1F13D /* CameraManager.m in Sources */,
				EABC8CC01D957E7B00F1F13D /* des2.c in Sources */,
				EABC8CAD1D957C8500F1F13D /* Contact.m in Sources */,
				EABC8CFE1D958F2000F1F13D /* UDPManager.m in Sources */,
				EABC8CE31D958D0700F1F13D /* RtspInterface.mm in Sources */,
				EABC8CC41D9581A700F1F13D /* ShakeManager.m in Sources */,
				EABC8CD11D95835200F1F13D /* LoginResult.m in Sources */,
				EA3FDD4B1D996D78005031F8 /* ModifyLoginPasswordResult.m in Sources */,
				EA49141D1D9474C200BE7B9D /* DeviceListViewController.m in Sources */,
				EABC8CBD1D957E3800F1F13D /* FListManager.m in Sources */,
				EABC8CDE1D95839A00F1F13D /* FMResultSet.m in Sources */,
				EA41C9A91DA69A040049AB9E /* Reachability.m in Sources */,
				EA4176081D9534DD00EC876F /* empty.mm in Sources */,
				EABC8CCD1D9582B400F1F13D /* LocalDevice.m in Sources */,
				EA3FDD451D996D20005031F8 /* NetManager.m in Sources */,
				EAE728EC1D9B0F9C00B854DF /* ChangePasswordViewController.m in Sources */,
				EA41C99E1DA68BDE0049AB9E /* YProgressView.m in Sources */,
				EABC8CB61D957D9C00F1F13D /* Utils.m in Sources */,
				EA4914201D94764600BE7B9D /* AddDeviceViewController.m in Sources */,
				EABC8D021D958F7100F1F13D /* FfmpegInterface.m in Sources */,
				EA41C9951DA68BA10049AB9E /* OpenGLView.m in Sources */,
				EABC8CA81D95682100F1F13D /* PasswordViewController.m in Sources */,
				EA41C9A61DA68E290049AB9E /* Toast+UIView.m in Sources */,
				EA3FDD541D996DB2005031F8 /* GetContactMessageResult.m in Sources */,
				EA2F8F151D9BC94C009F300C /* MD5Manager.m in Sources */,
				EABC8CE61D958D3C00F1F13D /* Alarm.m in Sources */,
				EABC8CCA1D95828F00F1F13D /* UDManager.m in Sources */,
				EA41C99B1DA68BC90049AB9E /* CustomView.m in Sources */,
				EA4913EA1D94741300BE7B9D /* AppDelegate.m in Sources */,
				EABC8CBA1D957DD600F1F13D /* PAIOUnit.m in Sources */,
				EA3FDD571D996DD8005031F8 /* CheckAlarmMessageResult.m in Sources */,
				EABC8CB21D957D3000F1F13D /* P2PClient.m in Sources */,
				EABC8CDD1D95839A00F1F13D /* FMDatabaseQueue.m in Sources */,
				EABC8CF41D958E7800F1F13D /* MPNotificationView.m in Sources */,
				EABC8CDC1D95839A00F1F13D /* FMDatabasePool.m in Sources */,
				EA4176041D95267C00EC876F /* GCDAsyncUdpSocket.m in Sources */,
				EA3FDD4E1D996D8A005031F8 /* RegisterResult.m in Sources */,
				EADC72051D9AA2DF003AFD78 /* DeviceSettingsViewController.m in Sources */,
				EA3FDD481D996D53005031F8 /* AccountResult.m in Sources */,
				EA41C98E1DA68B180049AB9E /* P2PMonitorController.m in Sources */,
				EABC8CE91D958D5800F1F13D /* AlarmDAO.m in Sources */,
				EA3FDD511D996DA2005031F8 /* CheckNewMessageResult.m in Sources */,
				EA41C9921DA68B790049AB9E /* TouchButton.m in Sources */,
				EABC8CEF1D958DA800F1F13D /* RecommendInfoDAO.m in Sources */,
				EA4913E71D94741300BE7B9D /* main.m in Sources */,
				EA41C9981DA68BC10049AB9E /* CustomBorderButton.m in Sources */,
			);
			runOnlyForDeploymentPostprocessing = 0;
		};
		EA4913F71D94741400BE7B9D /* Sources */ = {
			isa = PBXSourcesBuildPhase;
			buildActionMask = 2147483647;
			files = (
				EA4914001D94741400BE7B9D /* yooseemeTests.m in Sources */,
			);
			runOnlyForDeploymentPostprocessing = 0;
		};
		EA4914021D94741400BE7B9D /* Sources */ = {
			isa = PBXSourcesBuildPhase;
			buildActionMask = 2147483647;
			files = (
				EA49140B1D94741400BE7B9D /* yooseemeUITests.m in Sources */,
			);
			runOnlyForDeploymentPostprocessing = 0;
		};
/* End PBXSourcesBuildPhase section */

/* Begin PBXTargetDependency section */
		EA4913FD1D94741400BE7B9D /* PBXTargetDependency */ = {
			isa = PBXTargetDependency;
			target = EA4913E11D94741300BE7B9D /* yooseeme */;
			targetProxy = EA4913FC1D94741400BE7B9D /* PBXContainerItemProxy */;
		};
		EA4914081D94741400BE7B9D /* PBXTargetDependency */ = {
			isa = PBXTargetDependency;
			target = EA4913E11D94741300BE7B9D /* yooseeme */;
			targetProxy = EA4914071D94741400BE7B9D /* PBXContainerItemProxy */;
		};
/* End PBXTargetDependency section */

/* Begin PBXVariantGroup section */
		EA4913EE1D94741300BE7B9D /* Main.storyboard */ = {
			isa = PBXVariantGroup;
			children = (
				EA4913EF1D94741300BE7B9D /* Base */,
			);
			name = Main.storyboard;
			path = .;
			sourceTree = "<group>";
		};
		EA4913F31D94741400BE7B9D /* LaunchScreen.storyboard */ = {
			isa = PBXVariantGroup;
			children = (
				EA4913F41D94741400BE7B9D /* Base */,
			);
			name = LaunchScreen.storyboard;
			path = .;
			sourceTree = "<group>";
		};
/* End PBXVariantGroup section */

/* Begin XCBuildConfiguration section */
		EA49140D1D94741400BE7B9D /* Debug */ = {
			isa = XCBuildConfiguration;
			buildSettings = {
				ALWAYS_SEARCH_USER_PATHS = NO;
				CLANG_ANALYZER_NONNULL = YES;
				CLANG_CXX_LANGUAGE_STANDARD = "gnu++0x";
				CLANG_CXX_LIBRARY = "libstdc++";
				CLANG_ENABLE_MODULES = YES;
				CLANG_ENABLE_OBJC_ARC = YES;
				CLANG_WARN_BOOL_CONVERSION = YES;
				CLANG_WARN_CONSTANT_CONVERSION = YES;
				CLANG_WARN_DIRECT_OBJC_ISA_USAGE = YES_ERROR;
				CLANG_WARN_EMPTY_BODY = YES;
				CLANG_WARN_ENUM_CONVERSION = YES;
				CLANG_WARN_INT_CONVERSION = YES;
				CLANG_WARN_OBJC_ROOT_CLASS = YES_ERROR;
				CLANG_WARN_UNREACHABLE_CODE = YES;
				CLANG_WARN__DUPLICATE_METHOD_MATCH = YES;
				"CODE_SIGN_IDENTITY[sdk=iphoneos*]" = "iPhone Developer";
				COPY_PHASE_STRIP = NO;
				DEBUG_INFORMATION_FORMAT = dwarf;
				ENABLE_STRICT_OBJC_MSGSEND = YES;
				ENABLE_TESTABILITY = YES;
				GCC_C_LANGUAGE_STANDARD = gnu99;
				GCC_DYNAMIC_NO_PIC = NO;
				GCC_NO_COMMON_BLOCKS = YES;
				GCC_OPTIMIZATION_LEVEL = 0;
				GCC_PREPROCESSOR_DEFINITIONS = (
					"DEBUG=1",
					"$(inherited)",
				);
				GCC_WARN_64_TO_32_BIT_CONVERSION = YES;
				GCC_WARN_ABOUT_RETURN_TYPE = YES_ERROR;
				GCC_WARN_UNDECLARED_SELECTOR = YES;
				GCC_WARN_UNINITIALIZED_AUTOS = YES_AGGRESSIVE;
				GCC_WARN_UNUSED_FUNCTION = YES;
				GCC_WARN_UNUSED_VARIABLE = YES;
				IPHONEOS_DEPLOYMENT_TARGET = 8.0;
				MTL_ENABLE_DEBUG_INFO = YES;
				ONLY_ACTIVE_ARCH = YES;
				SDKROOT = iphoneos;
			};
			name = Debug;
		};
		EA49140E1D94741400BE7B9D /* Release */ = {
			isa = XCBuildConfiguration;
			buildSettings = {
				ALWAYS_SEARCH_USER_PATHS = NO;
				CLANG_ANALYZER_NONNULL = YES;
				CLANG_CXX_LANGUAGE_STANDARD = "gnu++0x";
				CLANG_CXX_LIBRARY = "libstdc++";
				CLANG_ENABLE_MODULES = YES;
				CLANG_ENABLE_OBJC_ARC = YES;
				CLANG_WARN_BOOL_CONVERSION = YES;
				CLANG_WARN_CONSTANT_CONVERSION = YES;
				CLANG_WARN_DIRECT_OBJC_ISA_USAGE = YES_ERROR;
				CLANG_WARN_EMPTY_BODY = YES;
				CLANG_WARN_ENUM_CONVERSION = YES;
				CLANG_WARN_INT_CONVERSION = YES;
				CLANG_WARN_OBJC_ROOT_CLASS = YES_ERROR;
				CLANG_WARN_UNREACHABLE_CODE = YES;
				CLANG_WARN__DUPLICATE_METHOD_MATCH = YES;
				"CODE_SIGN_IDENTITY[sdk=iphoneos*]" = "iPhone Developer";
				COPY_PHASE_STRIP = NO;
				DEBUG_INFORMATION_FORMAT = "dwarf-with-dsym";
				ENABLE_NS_ASSERTIONS = NO;
				ENABLE_STRICT_OBJC_MSGSEND = YES;
				GCC_C_LANGUAGE_STANDARD = gnu99;
				GCC_NO_COMMON_BLOCKS = YES;
				GCC_WARN_64_TO_32_BIT_CONVERSION = YES;
				GCC_WARN_ABOUT_RETURN_TYPE = YES_ERROR;
				GCC_WARN_UNDECLARED_SELECTOR = YES;
				GCC_WARN_UNINITIALIZED_AUTOS = YES_AGGRESSIVE;
				GCC_WARN_UNUSED_FUNCTION = YES;
				GCC_WARN_UNUSED_VARIABLE = YES;
				IPHONEOS_DEPLOYMENT_TARGET = 8.0;
				MTL_ENABLE_DEBUG_INFO = NO;
				SDKROOT = iphoneos;
				VALIDATE_PRODUCT = YES;
			};
			name = Release;
		};
		EA4914101D94741400BE7B9D /* Debug */ = {
			isa = XCBuildConfiguration;
			buildSettings = {
				ARCHS = "$(ARCHS_STANDARD_32_BIT)";
				ASSETCATALOG_COMPILER_APPICON_NAME = AppIcon;
				CLANG_CXX_LIBRARY = "libstdc++";
				DEVELOPMENT_TEAM = 45CBN28GD4;
				ENABLE_BITCODE = NO;
				FRAMEWORK_SEARCH_PATHS = (
					"$(inherited)",
					"$(PROJECT_DIR)/Carthage/Build/iOS",
				);
				INFOPLIST_FILE = yooseeme/Info.plist;
				IPHONEOS_DEPLOYMENT_TARGET = 8.0;
				LD_RUNPATH_SEARCH_PATHS = "$(inherited) @executable_path/Frameworks";
				LIBRARY_SEARCH_PATHS = (
					"$(inherited)",
					"$(PROJECT_DIR)",
					"$(SRCROOT)",
					"$(PROJECT_DIR)/yoosee/**",
					"$(PROJECT_DIR)/yoosee/wifi",
					"$(PROJECT_DIR)/yoosee/Libraries",
				);
				PRODUCT_BUNDLE_IDENTIFIER = ru.ailinykh.yooseeme;
				PRODUCT_NAME = "$(TARGET_NAME)";
			};
			name = Debug;
		};
		EA4914111D94741400BE7B9D /* Release */ = {
			isa = XCBuildConfiguration;
			buildSettings = {
				ARCHS = "$(ARCHS_STANDARD_32_BIT)";
				ASSETCATALOG_COMPILER_APPICON_NAME = AppIcon;
				CLANG_CXX_LIBRARY = "libstdc++";
				DEVELOPMENT_TEAM = 45CBN28GD4;
				ENABLE_BITCODE = NO;
				FRAMEWORK_SEARCH_PATHS = (
					"$(inherited)",
					"$(PROJECT_DIR)/Carthage/Build/iOS",
				);
				INFOPLIST_FILE = yooseeme/Info.plist;
				IPHONEOS_DEPLOYMENT_TARGET = 8.0;
				LD_RUNPATH_SEARCH_PATHS = "$(inherited) @executable_path/Frameworks";
				LIBRARY_SEARCH_PATHS = (
					"$(inherited)",
					"$(PROJECT_DIR)",
					"$(SRCROOT)",
					"$(PROJECT_DIR)/yoosee/**",
					"$(PROJECT_DIR)/yoosee/wifi",
					"$(PROJECT_DIR)/yoosee/Libraries",
				);
				PRODUCT_BUNDLE_IDENTIFIER = ru.ailinykh.yooseeme;
				PRODUCT_NAME = "$(TARGET_NAME)";
			};
			name = Release;
		};
		EA4914131D94741400BE7B9D /* Debug */ = {
			isa = XCBuildConfiguration;
			buildSettings = {
				BUNDLE_LOADER = "$(TEST_HOST)";
				INFOPLIST_FILE = yooseemeTests/Info.plist;
				LD_RUNPATH_SEARCH_PATHS = "$(inherited) @executable_path/Frameworks @loader_path/Frameworks";
				PRODUCT_BUNDLE_IDENTIFIER = ru.ailinykh.yooseemeTests;
				PRODUCT_NAME = "$(TARGET_NAME)";
				TEST_HOST = "$(BUILT_PRODUCTS_DIR)/yooseeme.app/yooseeme";
			};
			name = Debug;
		};
		EA4914141D94741400BE7B9D /* Release */ = {
			isa = XCBuildConfiguration;
			buildSettings = {
				BUNDLE_LOADER = "$(TEST_HOST)";
				INFOPLIST_FILE = yooseemeTests/Info.plist;
				LD_RUNPATH_SEARCH_PATHS = "$(inherited) @executable_path/Frameworks @loader_path/Frameworks";
				PRODUCT_BUNDLE_IDENTIFIER = ru.ailinykh.yooseemeTests;
				PRODUCT_NAME = "$(TARGET_NAME)";
				TEST_HOST = "$(BUILT_PRODUCTS_DIR)/yooseeme.app/yooseeme";
			};
			name = Release;
		};
		EA4914161D94741400BE7B9D /* Debug */ = {
			isa = XCBuildConfiguration;
			buildSettings = {
				INFOPLIST_FILE = yooseemeUITests/Info.plist;
				LD_RUNPATH_SEARCH_PATHS = "$(inherited) @executable_path/Frameworks @loader_path/Frameworks";
				PRODUCT_BUNDLE_IDENTIFIER = ru.ailinykh.yooseemeUITests;
				PRODUCT_NAME = "$(TARGET_NAME)";
				TEST_TARGET_NAME = yooseeme;
			};
			name = Debug;
		};
		EA4914171D94741400BE7B9D /* Release */ = {
			isa = XCBuildConfiguration;
			buildSettings = {
				INFOPLIST_FILE = yooseemeUITests/Info.plist;
				LD_RUNPATH_SEARCH_PATHS = "$(inherited) @executable_path/Frameworks @loader_path/Frameworks";
				PRODUCT_BUNDLE_IDENTIFIER = ru.ailinykh.yooseemeUITests;
				PRODUCT_NAME = "$(TARGET_NAME)";
				TEST_TARGET_NAME = yooseeme;
			};
			name = Release;
		};
/* End XCBuildConfiguration section */

/* Begin XCConfigurationList section */
		EA4913DD1D94741300BE7B9D /* Build configuration list for PBXProject "yooseeme" */ = {
			isa = XCConfigurationList;
			buildConfigurations = (
				EA49140D1D94741400BE7B9D /* Debug */,
				EA49140E1D94741400BE7B9D /* Release */,
			);
			defaultConfigurationIsVisible = 0;
			defaultConfigurationName = Release;
		};
		EA49140F1D94741400BE7B9D /* Build configuration list for PBXNativeTarget "yooseeme" */ = {
			isa = XCConfigurationList;
			buildConfigurations = (
				EA4914101D94741400BE7B9D /* Debug */,
				EA4914111D94741400BE7B9D /* Release */,
			);
			defaultConfigurationIsVisible = 0;
			defaultConfigurationName = Release;
		};
		EA4914121D94741400BE7B9D /* Build configuration list for PBXNativeTarget "yooseemeTests" */ = {
			isa = XCConfigurationList;
			buildConfigurations = (
				EA4914131D94741400BE7B9D /* Debug */,
				EA4914141D94741400BE7B9D /* Release */,
			);
			defaultConfigurationIsVisible = 0;
			defaultConfigurationName = Release;
		};
		EA4914151D94741400BE7B9D /* Build configuration list for PBXNativeTarget "yooseemeUITests" */ = {
			isa = XCConfigurationList;
			buildConfigurations = (
				EA4914161D94741400BE7B9D /* Debug */,
				EA4914171D94741400BE7B9D /* Release */,
			);
			defaultConfigurationIsVisible = 0;
			defaultConfigurationName = Release;
		};
/* End XCConfigurationList section */
	};
	rootObject = EA4913DA1D94741300BE7B9D /* Project object */;
}
